
Microsoft Visual Studio Solution File, Format Version 12.00
# Visual Studio Version 16
VisualStudioVersion = 16.0.31624.102
MinimumVisualStudioVersion = 10.0.40219.1
Project("{9A19103F-16F7-4668-BE54-9A1E7A4F7556}") = "AngularEshop.WebApi", "AngularEshop.WebApi\AngularEshop.WebApi.csproj", "{856EF910-85BB-4AD8-BC9A-F831991E8399}"
EndProject
Project("{FAE04EC0-301F-11D3-BF4B-00C04F79EFBC}") = "AngularEshop.DataLayer", "AngularEshop.DataLayer\AngularEshop.DataLayer.csproj", "{5342186E-A34A-417C-A6E2-EF92B9C1A879}"
EndProject
Project("{FAE04EC0-301F-11D3-BF4B-00C04F79EFBC}") = "AngularEshop.Core", "AngularEshop.Core\AngularEshop.Core.csproj", "{6BDCBDA7-892C-42C9-99E7-B2E47D01B73D}"
EndProject
Global
	GlobalSection(SolutionConfigurationPlatforms) = preSolution
		Debug|Any CPU = Debug|Any CPU
		Release|Any CPU = Release|Any CPU
	EndGlobalSection
	GlobalSection(ProjectConfigurationPlatforms) = postSolution
		{856EF910-85BB-4AD8-BC9A-F831991E8399}.Debug|Any CPU.ActiveCfg = Debug|Any CPU
		{856EF910-85BB-4AD8-BC9A-F831991E8399}.Debug|Any CPU.Build.0 = Debug|Any CPU
		{856EF910-85BB-4AD8-BC9A-F831991E8399}.Release|Any CPU.ActiveCfg = Release|Any CPU
		{856EF910-85BB-4AD8-BC9A-F831991E8399}.Release|Any CPU.Build.0 = Release|Any CPU
		{5342186E-A34A-417C-A6E2-EF92B9C1A879}.Debug|Any CPU.ActiveCfg = Debug|Any CPU
		{5342186E-A34A-417C-A6E2-EF92B9C1A879}.Debug|Any CPU.Build.0 = Debug|Any CPU
		{5342186E-A34A-417C-A6E2-EF92B9C1A879}.Release|Any CPU.ActiveCfg = Release|Any CPU
		{5342186E-A34A-417C-A6E2-EF92B9C1A879}.Release|Any CPU.Build.0 = Release|Any CPU
		{6BDCBDA7-892C-42C9-99E7-B2E47D01B73D}.Debug|Any CPU.ActiveCfg = Debug|Any CPU
		{6BDCBDA7-892C-42C9-99E7-B2E47D01B73D}.Debug|Any CPU.Build.0 = Debug|Any CPU
		{6BDCBDA7-892C-42C9-99E7-B2E47D01B73D}.Release|Any CPU.ActiveCfg = Release|Any CPU
		{6BDCBDA7-892C-42C9-99E7-B2E47D01B73D}.Release|Any CPU.Build.0 = Release|Any CPU
	EndGlobalSection
	GlobalSection(SolutionProperties) = preSolution
		HideSolutionNode = FALSE
	EndGlobalSection
	GlobalSection(ExtensibilityGlobals) = postSolution
		SolutionGuid = {8699FB35-E15B-4E46-9A83-EEAA94E8E111}
	EndGlobalSection
EndGlobal
